
Microsoft Visual Studio Solution File, Format Version 12.00
# Visual Studio Version 17
VisualStudioVersion = 17.14.36414.22
MinimumVisualStudioVersion = 10.0.40219.1
Project("{FAE04EC0-301F-11D3-BF4B-00C04F79EFBC}") = "Erp_restaurant", "practice\Erp_restaurant.csproj", "{0D43C227-85B5-4965-B341-72B7EDA14829}"
EndProject
Global
	GlobalSection(SolutionConfigurationPlatforms) = preSolution
		Debug|Any CPU = Debug|Any CPU
		Release|Any CPU = Release|Any CPU
	EndGlobalSection
	GlobalSection(ProjectConfigurationPlatforms) = postSolution
		{0D43C227-85B5-4965-B341-72B7EDA14829}.Debug|Any CPU.ActiveCfg = Debug|Any CPU
		{0D43C227-85B5-4965-B341-72B7EDA14829}.Debug|Any CPU.Build.0 = Debug|Any CPU
		{0D43C227-85B5-4965-B341-72B7EDA14829}.Release|Any CPU.ActiveCfg = Release|Any CPU
		{0D43C227-85B5-4965-B341-72B7EDA14829}.Release|Any CPU.Build.0 = Release|Any CPU
	EndGlobalSection
	GlobalSection(SolutionProperties) = preSolution
		HideSolutionNode = FALSE
	EndGlobalSection
	GlobalSection(ExtensibilityGlobals) = postSolution
		SolutionGuid = {86ACF7DC-619D-486A-B011-ED1868C246B5}
	EndGlobalSection
EndGlobal
